
Microsoft Visual Studio Solution File, Format Version 12.00
# Visual Studio Version 16
VisualStudioVersion = 16.0.29613.14
MinimumVisualStudioVersion = 10.0.40219.1
Project("{FAE04EC0-301F-11D3-BF4B-00C04F79EFBC}") = "IF-automations-task", "IF-automations-task\IF-automations-task.csproj", "{98D90D93-7294-48D6-B142-035B6EB79CC6}"
EndProject
Global
	GlobalSection(SolutionConfigurationPlatforms) = preSolution
		Debug|Any CPU = Debug|Any CPU
		Release|Any CPU = Release|Any CPU
	EndGlobalSection
	GlobalSection(ProjectConfigurationPlatforms) = postSolution
		{98D90D93-7294-48D6-B142-035B6EB79CC6}.Debug|Any CPU.ActiveCfg = Debug|Any CPU
		{98D90D93-7294-48D6-B142-035B6EB79CC6}.Debug|Any CPU.Build.0 = Debug|Any CPU
		{98D90D93-7294-48D6-B142-035B6EB79CC6}.Release|Any CPU.ActiveCfg = Release|Any CPU
		{98D90D93-7294-48D6-B142-035B6EB79CC6}.Release|Any CPU.Build.0 = Release|Any CPU
	EndGlobalSection
	GlobalSection(SolutionProperties) = preSolution
		HideSolutionNode = FALSE
	EndGlobalSection
	GlobalSection(ExtensibilityGlobals) = postSolution
		SolutionGuid = {CB7AF009-FE7D-47FD-8A57-E112630086F6}
	EndGlobalSection
EndGlobal
